
Microsoft Visual Studio Solution File, Format Version 12.00
# Visual Studio Version 17
VisualStudioVersion = 17.7.34031.279
MinimumVisualStudioVersion = 10.0.40219.1
Project("{FAE04EC0-301F-11D3-BF4B-00C04F79EFBC}") = "CarManufacturer", "CarManufacturer\CarManufacturer.csproj", "{436E84F4-994D-40EF-BE3C-9EA59F09178C}"
EndProject
Global
	GlobalSection(SolutionConfigurationPlatforms) = preSolution
		Debug|Any CPU = Debug|Any CPU
		Release|Any CPU = Release|Any CPU
	EndGlobalSection
	GlobalSection(ProjectConfigurationPlatforms) = postSolution
		{436E84F4-994D-40EF-BE3C-9EA59F09178C}.Debug|Any CPU.ActiveCfg = Debug|Any CPU
		{436E84F4-994D-40EF-BE3C-9EA59F09178C}.Debug|Any CPU.Build.0 = Debug|Any CPU
		{436E84F4-994D-40EF-BE3C-9EA59F09178C}.Release|Any CPU.ActiveCfg = Release|Any CPU
		{436E84F4-994D-40EF-BE3C-9EA59F09178C}.Release|Any CPU.Build.0 = Release|Any CPU
	EndGlobalSection
	GlobalSection(SolutionProperties) = preSolution
		HideSolutionNode = FALSE
	EndGlobalSection
	GlobalSection(ExtensibilityGlobals) = postSolution
		SolutionGuid = {D15BB3E9-943D-4A2F-B125-CC2DF0141EF2}
	EndGlobalSection
EndGlobal
